// !$*UTF8*$!
{
	archiveVersion = 1;
	classes = {
	};
	objectVersion = 56;
	objects = {

/* Begin PBXBuildFile section */
		D33A21EE2B70192600973E26 /* WatchHapticsApp.swift in Sources */ = {isa = PBXBuildFile; fileRef = D33A21ED2B70192600973E26 /* WatchHapticsApp.swift */; };
		D33A21F22B70192700973E26 /* Assets.xcassets in Resources */ = {isa = PBXBuildFile; fileRef = D33A21F12B70192700973E26 /* Assets.xcassets */; };
		D33A21F52B70192700973E26 /* Preview Assets.xcassets in Resources */ = {isa = PBXBuildFile; fileRef = D33A21F42B70192700973E26 /* Preview Assets.xcassets */; };
		D380DDCA2B70B57600B8D993 /* CountdownTimerView.swift in Sources */ = {isa = PBXBuildFile; fileRef = D380DDC92B70B57600B8D993 /* CountdownTimerView.swift */; };
		D380DDCE2B70B77500B8D993 /* SettingsView.swift in Sources */ = {isa = PBXBuildFile; fileRef = D380DDCD2B70B77500B8D993 /* SettingsView.swift */; };
		D380DDD42B70B9BB00B8D993 /* TimerIntervalManager.swift in Sources */ = {isa = PBXBuildFile; fileRef = D380DDD32B70B9BB00B8D993 /* TimerIntervalManager.swift */; };
		D380DDD82B70BBAE00B8D993 /* IntervalPickerView.swift in Sources */ = {isa = PBXBuildFile; fileRef = D380DDD72B70BBAE00B8D993 /* IntervalPickerView.swift */; };
		D380DDDA2B70BC9D00B8D993 /* EditIntervalView.swift in Sources */ = {isa = PBXBuildFile; fileRef = D380DDD92B70BC9C00B8D993 /* EditIntervalView.swift */; };
		D380DDE02B70D00600B8D993 /* IntervalType.swift in Sources */ = {isa = PBXBuildFile; fileRef = D380DDDF2B70D00600B8D993 /* IntervalType.swift */; };
		D3DC92562B701FF300A61FFA /* TimerManager.swift in Sources */ = {isa = PBXBuildFile; fileRef = D3DC92552B701FF300A61FFA /* TimerManager.swift */; };
		D3DC925E2B702C4500A61FFA /* Extensions.swift in Sources */ = {isa = PBXBuildFile; fileRef = D3DC925D2B702C4500A61FFA /* Extensions.swift */; };
		D3DC92642B70367800A61FFA /* TimerSelectionView.swift in Sources */ = {isa = PBXBuildFile; fileRef = D3DC92632B70367800A61FFA /* TimerSelectionView.swift */; };
		D3DC926A2B7036EF00A61FFA /* ContinuousTimerView.swift in Sources */ = {isa = PBXBuildFile; fileRef = D3DC92692B7036EF00A61FFA /* ContinuousTimerView.swift */; };
/* End PBXBuildFile section */

/* Begin PBXFileReference section */
		D33A21EA2B70192600973E26 /* WatchHaptics Watch App.app */ = {isa = PBXFileReference; explicitFileType = wrapper.application; includeInIndex = 0; path = "WatchHaptics Watch App.app"; sourceTree = BUILT_PRODUCTS_DIR; };
		D33A21ED2B70192600973E26 /* WatchHapticsApp.swift */ = {isa = PBXFileReference; lastKnownFileType = sourcecode.swift; path = WatchHapticsApp.swift; sourceTree = "<group>"; };
		D33A21F12B70192700973E26 /* Assets.xcassets */ = {isa = PBXFileReference; lastKnownFileType = folder.assetcatalog; path = Assets.xcassets; sourceTree = "<group>"; };
		D33A21F42B70192700973E26 /* Preview Assets.xcassets */ = {isa = PBXFileReference; lastKnownFileType = folder.assetcatalog; path = "Preview Assets.xcassets"; sourceTree = "<group>"; };
		D380DDC92B70B57600B8D993 /* CountdownTimerView.swift */ = {isa = PBXFileReference; lastKnownFileType = sourcecode.swift; path = CountdownTimerView.swift; sourceTree = "<group>"; };
		D380DDCD2B70B77500B8D993 /* SettingsView.swift */ = {isa = PBXFileReference; lastKnownFileType = sourcecode.swift; path = SettingsView.swift; sourceTree = "<group>"; };
		D380DDD32B70B9BB00B8D993 /* TimerIntervalManager.swift */ = {isa = PBXFileReference; lastKnownFileType = sourcecode.swift; path = TimerIntervalManager.swift; sourceTree = "<group>"; };
		D380DDD72B70BBAE00B8D993 /* IntervalPickerView.swift */ = {isa = PBXFileReference; lastKnownFileType = sourcecode.swift; path = IntervalPickerView.swift; sourceTree = "<group>"; };
		D380DDD92B70BC9C00B8D993 /* EditIntervalView.swift */ = {isa = PBXFileReference; lastKnownFileType = sourcecode.swift; path = EditIntervalView.swift; sourceTree = "<group>"; };
		D380DDDF2B70D00600B8D993 /* IntervalType.swift */ = {isa = PBXFileReference; lastKnownFileType = sourcecode.swift; path = IntervalType.swift; sourceTree = "<group>"; };
		D3DC92542B701FAA00A61FFA /* WatchHaptics-Watch-App-Info.plist */ = {isa = PBXFileReference; lastKnownFileType = text.plist; path = "WatchHaptics-Watch-App-Info.plist"; sourceTree = SOURCE_ROOT; };
		D3DC92552B701FF300A61FFA /* TimerManager.swift */ = {isa = PBXFileReference; lastKnownFileType = sourcecode.swift; path = TimerManager.swift; sourceTree = "<group>"; };
		D3DC925D2B702C4500A61FFA /* Extensions.swift */ = {isa = PBXFileReference; lastKnownFileType = sourcecode.swift; path = Extensions.swift; sourceTree = "<group>"; };
		D3DC92632B70367800A61FFA /* TimerSelectionView.swift */ = {isa = PBXFileReference; lastKnownFileType = sourcecode.swift; path = TimerSelectionView.swift; sourceTree = "<group>"; };
		D3DC92692B7036EF00A61FFA /* ContinuousTimerView.swift */ = {isa = PBXFileReference; lastKnownFileType = sourcecode.swift; path = ContinuousTimerView.swift; sourceTree = "<group>"; };
/* End PBXFileReference section */

/* Begin PBXFrameworksBuildPhase section */
		D33A21E72B70192600973E26 /* Frameworks */ = {
			isa = PBXFrameworksBuildPhase;
			buildActionMask = 2147483647;
			files = (
			);
			runOnlyForDeploymentPostprocessing = 0;
		};
/* End PBXFrameworksBuildPhase section */

/* Begin PBXGroup section */
		D33A21E12B70192600973E26 = {
			isa = PBXGroup;
			children = (
				D33A21EC2B70192600973E26 /* WatchHaptics Watch App */,
				D33A21EB2B70192600973E26 /* Products */,
			);
			sourceTree = "<group>";
		};
		D33A21EB2B70192600973E26 /* Products */ = {
			isa = PBXGroup;
			children = (
				D33A21EA2B70192600973E26 /* WatchHaptics Watch App.app */,
			);
			name = Products;
			sourceTree = "<group>";
		};
		D33A21EC2B70192600973E26 /* WatchHaptics Watch App */ = {
			isa = PBXGroup;
			children = (
				D3DC92542B701FAA00A61FFA /* WatchHaptics-Watch-App-Info.plist */,
				D33A21ED2B70192600973E26 /* WatchHapticsApp.swift */,
				D3DC925F2B7033D700A61FFA /* Views */,
				D3DC92622B7033FE00A61FFA /* Managers */,
				D380DDE12B70D00E00B8D993 /* Enums */,
				D3DC92602B7033EA00A61FFA /* Extensions */,
				D33A21F12B70192700973E26 /* Assets.xcassets */,
				D33A21F32B70192700973E26 /* Preview Content */,
			);
			path = "WatchHaptics Watch App";
			sourceTree = "<group>";
		};
		D33A21F32B70192700973E26 /* Preview Content */ = {
			isa = PBXGroup;
			children = (
				D33A21F42B70192700973E26 /* Preview Assets.xcassets */,
			);
			path = "Preview Content";
			sourceTree = "<group>";
		};
		D380DDDC2B70CF6B00B8D993 /* IntervalViews */ = {
			isa = PBXGroup;
			children = (
				D380DDD72B70BBAE00B8D993 /* IntervalPickerView.swift */,
				D380DDD92B70BC9C00B8D993 /* EditIntervalView.swift */,
			);
			path = IntervalViews;
			sourceTree = "<group>";
		};
		D380DDDD2B70CF7700B8D993 /* Settings */ = {
			isa = PBXGroup;
			children = (
				D380DDCD2B70B77500B8D993 /* SettingsView.swift */,
			);
			path = Settings;
			sourceTree = "<group>";
		};
		D380DDDE2B70CF8200B8D993 /* Timers */ = {
			isa = PBXGroup;
			children = (
				D3DC92692B7036EF00A61FFA /* ContinuousTimerView.swift */,
				D380DDC92B70B57600B8D993 /* CountdownTimerView.swift */,
			);
			path = Timers;
			sourceTree = "<group>";
		};
		D380DDE12B70D00E00B8D993 /* Enums */ = {
			isa = PBXGroup;
			children = (
				D380DDDF2B70D00600B8D993 /* IntervalType.swift */,
			);
			path = Enums;
			sourceTree = "<group>";
		};
		D3DC925F2B7033D700A61FFA /* Views */ = {
			isa = PBXGroup;
			children = (
				D3DC92632B70367800A61FFA /* TimerSelectionView.swift */,
				D380DDDE2B70CF8200B8D993 /* Timers */,
				D380DDDC2B70CF6B00B8D993 /* IntervalViews */,
				D380DDDD2B70CF7700B8D993 /* Settings */,
			);
			path = Views;
			sourceTree = "<group>";
		};
		D3DC92602B7033EA00A61FFA /* Extensions */ = {
			isa = PBXGroup;
			children = (
				D3DC925D2B702C4500A61FFA /* Extensions.swift */,
			);
			path = Extensions;
			sourceTree = "<group>";
		};
		D3DC92622B7033FE00A61FFA /* Managers */ = {
			isa = PBXGroup;
			children = (
				D3DC92552B701FF300A61FFA /* TimerManager.swift */,
				D380DDD32B70B9BB00B8D993 /* TimerIntervalManager.swift */,
			);
			path = Managers;
			sourceTree = "<group>";
		};
/* End PBXGroup section */

/* Begin PBXNativeTarget section */
		D33A21E92B70192600973E26 /* WatchHaptics Watch App */ = {
			isa = PBXNativeTarget;
			buildConfigurationList = D33A21F82B70192700973E26 /* Build configuration list for PBXNativeTarget "WatchHaptics Watch App" */;
			buildPhases = (
				D33A21E62B70192600973E26 /* Sources */,
				D33A21E72B70192600973E26 /* Frameworks */,
				D33A21E82B70192600973E26 /* Resources */,
			);
			buildRules = (
			);
			dependencies = (
			);
			name = "WatchHaptics Watch App";
			productName = "WatchHaptics Watch App";
			productReference = D33A21EA2B70192600973E26 /* WatchHaptics Watch App.app */;
			productType = "com.apple.product-type.application";
		};
/* End PBXNativeTarget section */

/* Begin PBXProject section */
		D33A21E22B70192600973E26 /* Project object */ = {
			isa = PBXProject;
			attributes = {
				BuildIndependentTargetsInParallel = 1;
				LastSwiftUpdateCheck = 1500;
				LastUpgradeCheck = 1500;
				TargetAttributes = {
					D33A21E92B70192600973E26 = {
						CreatedOnToolsVersion = 15.0.1;
					};
				};
			};
			buildConfigurationList = D33A21E52B70192600973E26 /* Build configuration list for PBXProject "WatchHaptics" */;
			compatibilityVersion = "Xcode 14.0";
			developmentRegion = en;
			hasScannedForEncodings = 0;
			knownRegions = (
				en,
				Base,
			);
			mainGroup = D33A21E12B70192600973E26;
			productRefGroup = D33A21EB2B70192600973E26 /* Products */;
			projectDirPath = "";
			projectRoot = "";
			targets = (
				D33A21E92B70192600973E26 /* WatchHaptics Watch App */,
			);
		};
/* End PBXProject section */

/* Begin PBXResourcesBuildPhase section */
		D33A21E82B70192600973E26 /* Resources */ = {
			isa = PBXResourcesBuildPhase;
			buildActionMask = 2147483647;
			files = (
				D33A21F52B70192700973E26 /* Preview Assets.xcassets in Resources */,
				D33A21F22B70192700973E26 /* Assets.xcassets in Resources */,
			);
			runOnlyForDeploymentPostprocessing = 0;
		};
/* End PBXResourcesBuildPhase section */

/* Begin PBXSourcesBuildPhase section */
		D33A21E62B70192600973E26 /* Sources */ = {
			isa = PBXSourcesBuildPhase;
			buildActionMask = 2147483647;
			files = (
				D380DDE02B70D00600B8D993 /* IntervalType.swift in Sources */,
				D380DDDA2B70BC9D00B8D993 /* EditIntervalView.swift in Sources */,
				D380DDD82B70BBAE00B8D993 /* IntervalPickerView.swift in Sources */,
				D3DC92562B701FF300A61FFA /* TimerManager.swift in Sources */,
				D380DDCA2B70B57600B8D993 /* CountdownTimerView.swift in Sources */,
				D33A21EE2B70192600973E26 /* WatchHapticsApp.swift in Sources */,
				D3DC92642B70367800A61FFA /* TimerSelectionView.swift in Sources */,
				D380DDCE2B70B77500B8D993 /* SettingsView.swift in Sources */,
				D3DC925E2B702C4500A61FFA /* Extensions.swift in Sources */,
				D3DC926A2B7036EF00A61FFA /* ContinuousTimerView.swift in Sources */,
				D380DDD42B70B9BB00B8D993 /* TimerIntervalManager.swift in Sources */,
			);
			runOnlyForDeploymentPostprocessing = 0;
		};
/* End PBXSourcesBuildPhase section */

/* Begin XCBuildConfiguration section */
		D33A21F62B70192700973E26 /* Debug */ = {
			isa = XCBuildConfiguration;
			buildSettings = {
				ALWAYS_SEARCH_USER_PATHS = NO;
				ASSETCATALOG_COMPILER_GENERATE_SWIFT_ASSET_SYMBOL_EXTENSIONS = YES;
				CLANG_ANALYZER_NONNULL = YES;
				CLANG_ANALYZER_NUMBER_OBJECT_CONVERSION = YES_AGGRESSIVE;
				CLANG_CXX_LANGUAGE_STANDARD = "gnu++20";
				CLANG_ENABLE_MODULES = YES;
				CLANG_ENABLE_OBJC_ARC = YES;
				CLANG_ENABLE_OBJC_WEAK = YES;
				CLANG_WARN_BLOCK_CAPTURE_AUTORELEASING = YES;
				CLANG_WARN_BOOL_CONVERSION = YES;
				CLANG_WARN_COMMA = YES;
				CLANG_WARN_CONSTANT_CONVERSION = YES;
				CLANG_WARN_DEPRECATED_OBJC_IMPLEMENTATIONS = YES;
				CLANG_WARN_DIRECT_OBJC_ISA_USAGE = YES_ERROR;
				CLANG_WARN_DOCUMENTATION_COMMENTS = YES;
				CLANG_WARN_EMPTY_BODY = YES;
				CLANG_WARN_ENUM_CONVERSION = YES;
				CLANG_WARN_INFINITE_RECURSION = YES;
				CLANG_WARN_INT_CONVERSION = YES;
				CLANG_WARN_NON_LITERAL_NULL_CONVERSION = YES;
				CLANG_WARN_OBJC_IMPLICIT_RETAIN_SELF = YES;
				CLANG_WARN_OBJC_LITERAL_CONVERSION = YES;
				CLANG_WARN_OBJC_ROOT_CLASS = YES_ERROR;
				CLANG_WARN_QUOTED_INCLUDE_IN_FRAMEWORK_HEADER = YES;
				CLANG_WARN_RANGE_LOOP_ANALYSIS = YES;
				CLANG_WARN_STRICT_PROTOTYPES = YES;
				CLANG_WARN_SUSPICIOUS_MOVE = YES;
				CLANG_WARN_UNGUARDED_AVAILABILITY = YES_AGGRESSIVE;
				CLANG_WARN_UNREACHABLE_CODE = YES;
				CLANG_WARN__DUPLICATE_METHOD_MATCH = YES;
				COPY_PHASE_STRIP = NO;
				DEBUG_INFORMATION_FORMAT = dwarf;
				ENABLE_STRICT_OBJC_MSGSEND = YES;
				ENABLE_TESTABILITY = YES;
				ENABLE_USER_SCRIPT_SANDBOXING = YES;
				GCC_C_LANGUAGE_STANDARD = gnu17;
				GCC_DYNAMIC_NO_PIC = NO;
				GCC_NO_COMMON_BLOCKS = YES;
				GCC_OPTIMIZATION_LEVEL = 0;
				GCC_PREPROCESSOR_DEFINITIONS = (
					"DEBUG=1",
					"$(inherited)",
				);
				GCC_WARN_64_TO_32_BIT_CONVERSION = YES;
				GCC_WARN_ABOUT_RETURN_TYPE = YES_ERROR;
				GCC_WARN_UNDECLARED_SELECTOR = YES;
				GCC_WARN_UNINITIALIZED_AUTOS = YES_AGGRESSIVE;
				GCC_WARN_UNUSED_FUNCTION = YES;
				GCC_WARN_UNUSED_VARIABLE = YES;
				LOCALIZATION_PREFERS_STRING_CATALOGS = YES;
				MTL_ENABLE_DEBUG_INFO = INCLUDE_SOURCE;
				MTL_FAST_MATH = YES;
				ONLY_ACTIVE_ARCH = YES;
				SWIFT_ACTIVE_COMPILATION_CONDITIONS = "DEBUG $(inherited)";
				SWIFT_OPTIMIZATION_LEVEL = "-Onone";
			};
			name = Debug;
		};
		D33A21F72B70192700973E26 /* Release */ = {
			isa = XCBuildConfiguration;
			buildSettings = {
				ALWAYS_SEARCH_USER_PATHS = NO;
				ASSETCATALOG_COMPILER_GENERATE_SWIFT_ASSET_SYMBOL_EXTENSIONS = YES;
				CLANG_ANALYZER_NONNULL = YES;
				CLANG_ANALYZER_NUMBER_OBJECT_CONVERSION = YES_AGGRESSIVE;
				CLANG_CXX_LANGUAGE_STANDARD = "gnu++20";
				CLANG_ENABLE_MODULES = YES;
				CLANG_ENABLE_OBJC_ARC = YES;
				CLANG_ENABLE_OBJC_WEAK = YES;
				CLANG_WARN_BLOCK_CAPTURE_AUTORELEASING = YES;
				CLANG_WARN_BOOL_CONVERSION = YES;
				CLANG_WARN_COMMA = YES;
				CLANG_WARN_CONSTANT_CONVERSION = YES;
				CLANG_WARN_DEPRECATED_OBJC_IMPLEMENTATIONS = YES;
				CLANG_WARN_DIRECT_OBJC_ISA_USAGE = YES_ERROR;
				CLANG_WARN_DOCUMENTATION_COMMENTS = YES;
				CLANG_WARN_EMPTY_BODY = YES;
				CLANG_WARN_ENUM_CONVERSION = YES;
				CLANG_WARN_INFINITE_RECURSION = YES;
				CLANG_WARN_INT_CONVERSION = YES;
				CLANG_WARN_NON_LITERAL_NULL_CONVERSION = YES;
				CLANG_WARN_OBJC_IMPLICIT_RETAIN_SELF = YES;
				CLANG_WARN_OBJC_LITERAL_CONVERSION = YES;
				CLANG_WARN_OBJC_ROOT_CLASS = YES_ERROR;
				CLANG_WARN_QUOTED_INCLUDE_IN_FRAMEWORK_HEADER = YES;
				CLANG_WARN_RANGE_LOOP_ANALYSIS = YES;
				CLANG_WARN_STRICT_PROTOTYPES = YES;
				CLANG_WARN_SUSPICIOUS_MOVE = YES;
				CLANG_WARN_UNGUARDED_AVAILABILITY = YES_AGGRESSIVE;
				CLANG_WARN_UNREACHABLE_CODE = YES;
				CLANG_WARN__DUPLICATE_METHOD_MATCH = YES;
				COPY_PHASE_STRIP = NO;
				DEBUG_INFORMATION_FORMAT = "dwarf-with-dsym";
				ENABLE_NS_ASSERTIONS = NO;
				ENABLE_STRICT_OBJC_MSGSEND = YES;
				ENABLE_USER_SCRIPT_SANDBOXING = YES;
				GCC_C_LANGUAGE_STANDARD = gnu17;
				GCC_NO_COMMON_BLOCKS = YES;
				GCC_WARN_64_TO_32_BIT_CONVERSION = YES;
				GCC_WARN_ABOUT_RETURN_TYPE = YES_ERROR;
				GCC_WARN_UNDECLARED_SELECTOR = YES;
				GCC_WARN_UNINITIALIZED_AUTOS = YES_AGGRESSIVE;
				GCC_WARN_UNUSED_FUNCTION = YES;
				GCC_WARN_UNUSED_VARIABLE = YES;
				LOCALIZATION_PREFERS_STRING_CATALOGS = YES;
				MTL_ENABLE_DEBUG_INFO = NO;
				MTL_FAST_MATH = YES;
				SWIFT_COMPILATION_MODE = wholemodule;
			};
			name = Release;
		};
		D33A21F92B70192700973E26 /* Debug */ = {
			isa = XCBuildConfiguration;
			buildSettings = {
				ASSETCATALOG_COMPILER_APPICON_NAME = AppIcon;
				ASSETCATALOG_COMPILER_GLOBAL_ACCENT_COLOR_NAME = AccentColor;
				CODE_SIGN_STYLE = Automatic;
				CURRENT_PROJECT_VERSION = 1;
				DEVELOPMENT_ASSET_PATHS = "\"WatchHaptics Watch App/Preview Content\"";
				DEVELOPMENT_TEAM = Y96XUGCJZ5;
				ENABLE_PREVIEWS = YES;
				GENERATE_INFOPLIST_FILE = YES;
				INFOPLIST_FILE = "WatchHaptics-Watch-App-Info.plist";
				INFOPLIST_KEY_CFBundleDisplayName = WatchHaptics;
				INFOPLIST_KEY_UISupportedInterfaceOrientations = "UIInterfaceOrientationPortrait UIInterfaceOrientationPortraitUpsideDown";
				INFOPLIST_KEY_WKCompanionAppBundleIdentifier = "";
				LD_RUNPATH_SEARCH_PATHS = (
					"$(inherited)",
					"@executable_path/Frameworks",
				);
				MARKETING_VERSION = 1.0;
				PRODUCT_BUNDLE_IDENTIFIER = .watchkitapp;
				PRODUCT_NAME = "$(TARGET_NAME)";
				SDKROOT = watchos;
				SKIP_INSTALL = YES;
				SWIFT_EMIT_LOC_STRINGS = YES;
				SWIFT_VERSION = 5.0;
				TARGETED_DEVICE_FAMILY = 4;
				WATCHOS_DEPLOYMENT_TARGET = 10.0;
			};
			name = Debug;
		};
		D33A21FA2B70192700973E26 /* Release */ = {
			isa = XCBuildConfiguration;
			buildSettings = {
				ASSETCATALOG_COMPILER_APPICON_NAME = AppIcon;
				ASSETCATALOG_COMPILER_GLOBAL_ACCENT_COLOR_NAME = AccentColor;
				CODE_SIGN_STYLE = Automatic;
				CURRENT_PROJECT_VERSION = 1;
				DEVELOPMENT_ASSET_PATHS = "\"WatchHaptics Watch App/Preview Content\"";
				DEVELOPMENT_TEAM = Y96XUGCJZ5;
				ENABLE_PREVIEWS = YES;
				GENERATE_INFOPLIST_FILE = YES;
				INFOPLIST_FILE = "WatchHaptics-Watch-App-Info.plist";
				INFOPLIST_KEY_CFBundleDisplayName = WatchHaptics;
				INFOPLIST_KEY_UISupportedInterfaceOrientations = "UIInterfaceOrientationPortrait UIInterfaceOrientationPortraitUpsideDown";
				INFOPLIST_KEY_WKCompanionAppBundleIdentifier = "";
				LD_RUNPATH_SEARCH_PATHS = (
					"$(inherited)",
					"@executable_path/Frameworks",
				);
				MARKETING_VERSION = 1.0;
				PRODUCT_BUNDLE_IDENTIFIER = .watchkitapp;
				PRODUCT_NAME = "$(TARGET_NAME)";
				SDKROOT = watchos;
				SKIP_INSTALL = YES;
				SWIFT_EMIT_LOC_STRINGS = YES;
				SWIFT_VERSION = 5.0;
				TARGETED_DEVICE_FAMILY = 4;
				VALIDATE_PRODUCT = YES;
				WATCHOS_DEPLOYMENT_TARGET = 10.0;
			};
			name = Release;
		};
/* End XCBuildConfiguration section */

/* Begin XCConfigurationList section */
		D33A21E52B70192600973E26 /* Build configuration list for PBXProject "WatchHaptics" */ = {
			isa = XCConfigurationList;
			buildConfigurations = (
				D33A21F62B70192700973E26 /* Debug */,
				D33A21F72B70192700973E26 /* Release */,
			);
			defaultConfigurationIsVisible = 0;
			defaultConfigurationName = Release;
		};
		D33A21F82B70192700973E26 /* Build configuration list for PBXNativeTarget "WatchHaptics Watch App" */ = {
			isa = XCConfigurationList;
			buildConfigurations = (
				D33A21F92B70192700973E26 /* Debug */,
				D33A21FA2B70192700973E26 /* Release */,
			);
			defaultConfigurationIsVisible = 0;
			defaultConfigurationName = Release;
		};
/* End XCConfigurationList section */
	};
	rootObject = D33A21E22B70192600973E26 /* Project object */;
}
